// !$*UTF8*$!
{
	archiveVersion = 1;
	classes = {
	};
	objectVersion = 56;
	objects = {

/* Begin PBXBuildFile section */
		7047989C2C08C19600A89DBC /* OfllineAppApp.swift in Sources */ = {isa = PBXBuildFile; fileRef = 7047989B2C08C19600A89DBC /* OfllineAppApp.swift */; };
		7047989E2C08C19600A89DBC /* ContentView.swift in Sources */ = {isa = PBXBuildFile; fileRef = 7047989D2C08C19600A89DBC /* ContentView.swift */; };
		704798A02C08C19700A89DBC /* Assets.xcassets in Resources */ = {isa = PBXBuildFile; fileRef = 7047989F2C08C19700A89DBC /* Assets.xcassets */; };
		704798A42C08C19700A89DBC /* Preview Assets.xcassets in Resources */ = {isa = PBXBuildFile; fileRef = 704798A32C08C19700A89DBC /* Preview Assets.xcassets */; };
		704798AC2C08C29300A89DBC /* SQLite in Frameworks */ = {isa = PBXBuildFile; productRef = 704798AB2C08C29300A89DBC /* SQLite */; };
		704798B02C08C2E500A89DBC /* DocumentPicker.swift in Sources */ = {isa = PBXBuildFile; fileRef = 704798AF2C08C2E500A89DBC /* DocumentPicker.swift */; };
		704798B32C08C31A00A89DBC /* DatabaseHelper.swift in Sources */ = {isa = PBXBuildFile; fileRef = 704798B22C08C31A00A89DBC /* DatabaseHelper.swift */; };
		704798B62C08C35D00A89DBC /* FileRecord.swift in Sources */ = {isa = PBXBuildFile; fileRef = 704798B52C08C35D00A89DBC /* FileRecord.swift */; };
		704798F22C08D49300A89DBC /* FileHelpers.swift in Sources */ = {isa = PBXBuildFile; fileRef = 704798F12C08D49300A89DBC /* FileHelpers.swift */; };
		704798F52C08E3FD00A89DBC /* SwipeToDeleteGesture.swift in Sources */ = {isa = PBXBuildFile; fileRef = 704798F42C08E3FD00A89DBC /* SwipeToDeleteGesture.swift */; };
/* End PBXBuildFile section */

/* Begin PBXFileReference section */
		704798982C08C19600A89DBC /* OfllineApp.app */ = {isa = PBXFileReference; explicitFileType = wrapper.application; includeInIndex = 0; path = OfllineApp.app; sourceTree = BUILT_PRODUCTS_DIR; };
		7047989B2C08C19600A89DBC /* OfllineAppApp.swift */ = {isa = PBXFileReference; lastKnownFileType = sourcecode.swift; path = OfllineAppApp.swift; sourceTree = "<group>"; };
		7047989D2C08C19600A89DBC /* ContentView.swift */ = {isa = PBXFileReference; lastKnownFileType = sourcecode.swift; path = ContentView.swift; sourceTree = "<group>"; };
		7047989F2C08C19700A89DBC /* Assets.xcassets */ = {isa = PBXFileReference; lastKnownFileType = folder.assetcatalog; path = Assets.xcassets; sourceTree = "<group>"; };
		704798A12C08C19700A89DBC /* OfllineApp.entitlements */ = {isa = PBXFileReference; lastKnownFileType = text.plist.entitlements; path = OfllineApp.entitlements; sourceTree = "<group>"; };
		704798A32C08C19700A89DBC /* Preview Assets.xcassets */ = {isa = PBXFileReference; lastKnownFileType = folder.assetcatalog; path = "Preview Assets.xcassets"; sourceTree = "<group>"; };
		704798AF2C08C2E500A89DBC /* DocumentPicker.swift */ = {isa = PBXFileReference; lastKnownFileType = sourcecode.swift; path = DocumentPicker.swift; sourceTree = "<group>"; };
		704798B22C08C31A00A89DBC /* DatabaseHelper.swift */ = {isa = PBXFileReference; lastKnownFileType = sourcecode.swift; path = DatabaseHelper.swift; sourceTree = "<group>"; };
		704798B52C08C35D00A89DBC /* FileRecord.swift */ = {isa = PBXFileReference; lastKnownFileType = sourcecode.swift; path = FileRecord.swift; sourceTree = "<group>"; };
		704798F12C08D49300A89DBC /* FileHelpers.swift */ = {isa = PBXFileReference; lastKnownFileType = sourcecode.swift; path = FileHelpers.swift; sourceTree = "<group>"; };
		704798F42C08E3FD00A89DBC /* SwipeToDeleteGesture.swift */ = {isa = PBXFileReference; lastKnownFileType = sourcecode.swift; path = SwipeToDeleteGesture.swift; sourceTree = "<group>"; };
/* End PBXFileReference section */

/* Begin PBXFrameworksBuildPhase section */
		704798952C08C19600A89DBC /* Frameworks */ = {
			isa = PBXFrameworksBuildPhase;
			buildActionMask = 2147483647;
			files = (
				704798AC2C08C29300A89DBC /* SQLite in Frameworks */,
			);
			runOnlyForDeploymentPostprocessing = 0;
		};
/* End PBXFrameworksBuildPhase section */

/* Begin PBXGroup section */
		7047988F2C08C19600A89DBC = {
			isa = PBXGroup;
			children = (
				7047989A2C08C19600A89DBC /* OfllineApp */,
				704798992C08C19600A89DBC /* Products */,
			);
			sourceTree = "<group>";
		};
		704798992C08C19600A89DBC /* Products */ = {
			isa = PBXGroup;
			children = (
				704798982C08C19600A89DBC /* OfllineApp.app */,
			);
			name = Products;
			sourceTree = "<group>";
		};
		7047989A2C08C19600A89DBC /* OfllineApp */ = {
			isa = PBXGroup;
			children = (
				704798F32C08E3EF00A89DBC /* Modifiers */,
				704798F02C08D48200A89DBC /* FileHelpers */,
				704798ED2C08D36500A89DBC /* Extensions */,
				704798B42C08C34E00A89DBC /* Models */,
				704798B12C08C30D00A89DBC /* Database */,
				704798AE2C08C2D200A89DBC /* Pickers */,
				704798AD2C08C2CE00A89DBC /* Views */,
				7047989B2C08C19600A89DBC /* OfllineAppApp.swift */,
				7047989F2C08C19700A89DBC /* Assets.xcassets */,
				704798A12C08C19700A89DBC /* OfllineApp.entitlements */,
				704798A22C08C19700A89DBC /* Preview Content */,
			);
			path = OfllineApp;
			sourceTree = "<group>";
		};
		704798A22C08C19700A89DBC /* Preview Content */ = {
			isa = PBXGroup;
			children = (
				704798A32C08C19700A89DBC /* Preview Assets.xcassets */,
			);
			path = "Preview Content";
			sourceTree = "<group>";
		};
		704798AD2C08C2CE00A89DBC /* Views */ = {
			isa = PBXGroup;
			children = (
				7047989D2C08C19600A89DBC /* ContentView.swift */,
			);
			path = Views;
			sourceTree = "<group>";
		};
		704798AE2C08C2D200A89DBC /* Pickers */ = {
			isa = PBXGroup;
			children = (
				704798AF2C08C2E500A89DBC /* DocumentPicker.swift */,
			);
			path = Pickers;
			sourceTree = "<group>";
		};
		704798B12C08C30D00A89DBC /* Database */ = {
			isa = PBXGroup;
			children = (
				704798B22C08C31A00A89DBC /* DatabaseHelper.swift */,
			);
			path = Database;
			sourceTree = "<group>";
		};
		704798B42C08C34E00A89DBC /* Models */ = {
			isa = PBXGroup;
			children = (
				704798B52C08C35D00A89DBC /* FileRecord.swift */,
			);
			path = Models;
			sourceTree = "<group>";
		};
		704798ED2C08D36500A89DBC /* Extensions */ = {
			isa = PBXGroup;
			children = (
			);
			path = Extensions;
			sourceTree = "<group>";
		};
		704798F02C08D48200A89DBC /* FileHelpers */ = {
			isa = PBXGroup;
			children = (
				704798F12C08D49300A89DBC /* FileHelpers.swift */,
			);
			path = FileHelpers;
			sourceTree = "<group>";
		};
		704798F32C08E3EF00A89DBC /* Modifiers */ = {
			isa = PBXGroup;
			children = (
				704798F42C08E3FD00A89DBC /* SwipeToDeleteGesture.swift */,
			);
			path = Modifiers;
			sourceTree = "<group>";
		};
/* End PBXGroup section */

/* Begin PBXNativeTarget section */
		704798972C08C19600A89DBC /* OfllineApp */ = {
			isa = PBXNativeTarget;
			buildConfigurationList = 704798A72C08C19700A89DBC /* Build configuration list for PBXNativeTarget "OfllineApp" */;
			buildPhases = (
				704798942C08C19600A89DBC /* Sources */,
				704798952C08C19600A89DBC /* Frameworks */,
				704798962C08C19600A89DBC /* Resources */,
			);
			buildRules = (
			);
			dependencies = (
			);
			name = OfllineApp;
			packageProductDependencies = (
				704798AB2C08C29300A89DBC /* SQLite */,
			);
			productName = OfllineApp;
			productReference = 704798982C08C19600A89DBC /* OfllineApp.app */;
			productType = "com.apple.product-type.application";
		};
/* End PBXNativeTarget section */

/* Begin PBXProject section */
		704798902C08C19600A89DBC /* Project object */ = {
			isa = PBXProject;
			attributes = {
				BuildIndependentTargetsInParallel = 1;
				LastSwiftUpdateCheck = 1520;
				LastUpgradeCheck = 1520;
				TargetAttributes = {
					704798972C08C19600A89DBC = {
						CreatedOnToolsVersion = 15.2;
					};
				};
			};
			buildConfigurationList = 704798932C08C19600A89DBC /* Build configuration list for PBXProject "OfllineApp" */;
			compatibilityVersion = "Xcode 14.0";
			developmentRegion = en;
			hasScannedForEncodings = 0;
			knownRegions = (
				en,
				Base,
			);
			mainGroup = 7047988F2C08C19600A89DBC;
			packageReferences = (
				704798AA2C08C29300A89DBC /* XCRemoteSwiftPackageReference "SQLite.swift" */,
			);
			productRefGroup = 704798992C08C19600A89DBC /* Products */;
			projectDirPath = "";
			projectRoot = "";
			targets = (
				704798972C08C19600A89DBC /* OfllineApp */,
			);
		};
/* End PBXProject section */

/* Begin PBXResourcesBuildPhase section */
		704798962C08C19600A89DBC /* Resources */ = {
			isa = PBXResourcesBuildPhase;
			buildActionMask = 2147483647;
			files = (
				704798A42C08C19700A89DBC /* Preview Assets.xcassets in Resources */,
				704798A02C08C19700A89DBC /* Assets.xcassets in Resources */,
			);
			runOnlyForDeploymentPostprocessing = 0;
		};
/* End PBXResourcesBuildPhase section */

/* Begin PBXSourcesBuildPhase section */
		704798942C08C19600A89DBC /* Sources */ = {
			isa = PBXSourcesBuildPhase;
			buildActionMask = 2147483647;
			files = (
				704798B32C08C31A00A89DBC /* DatabaseHelper.swift in Sources */,
				7047989E2C08C19600A89DBC /* ContentView.swift in Sources */,
				704798F52C08E3FD00A89DBC /* SwipeToDeleteGesture.swift in Sources */,
				704798B62C08C35D00A89DBC /* FileRecord.swift in Sources */,
				704798F22C08D49300A89DBC /* FileHelpers.swift in Sources */,
				704798B02C08C2E500A89DBC /* DocumentPicker.swift in Sources */,
				7047989C2C08C19600A89DBC /* OfllineAppApp.swift in Sources */,
			);
			runOnlyForDeploymentPostprocessing = 0;
		};
/* End PBXSourcesBuildPhase section */

/* Begin XCBuildConfiguration section */
		704798A52C08C19700A89DBC /* Debug */ = {
			isa = XCBuildConfiguration;
			buildSettings = {
				ALWAYS_SEARCH_USER_PATHS = NO;
				ASSETCATALOG_COMPILER_GENERATE_SWIFT_ASSET_SYMBOL_EXTENSIONS = YES;
				CLANG_ANALYZER_NONNULL = YES;
				CLANG_ANALYZER_NUMBER_OBJECT_CONVERSION = YES_AGGRESSIVE;
				CLANG_CXX_LANGUAGE_STANDARD = "gnu++20";
				CLANG_ENABLE_MODULES = YES;
				CLANG_ENABLE_OBJC_ARC = YES;
				CLANG_ENABLE_OBJC_WEAK = YES;
				CLANG_WARN_BLOCK_CAPTURE_AUTORELEASING = YES;
				CLANG_WARN_BOOL_CONVERSION = YES;
				CLANG_WARN_COMMA = YES;
				CLANG_WARN_CONSTANT_CONVERSION = YES;
				CLANG_WARN_DEPRECATED_OBJC_IMPLEMENTATIONS = YES;
				CLANG_WARN_DIRECT_OBJC_ISA_USAGE = YES_ERROR;
				CLANG_WARN_DOCUMENTATION_COMMENTS = YES;
				CLANG_WARN_EMPTY_BODY = YES;
				CLANG_WARN_ENUM_CONVERSION = YES;
				CLANG_WARN_INFINITE_RECURSION = YES;
				CLANG_WARN_INT_CONVERSION = YES;
				CLANG_WARN_NON_LITERAL_NULL_CONVERSION = YES;
				CLANG_WARN_OBJC_IMPLICIT_RETAIN_SELF = YES;
				CLANG_WARN_OBJC_LITERAL_CONVERSION = YES;
				CLANG_WARN_OBJC_ROOT_CLASS = YES_ERROR;
				CLANG_WARN_QUOTED_INCLUDE_IN_FRAMEWORK_HEADER = YES;
				CLANG_WARN_RANGE_LOOP_ANALYSIS = YES;
				CLANG_WARN_STRICT_PROTOTYPES = YES;
				CLANG_WARN_SUSPICIOUS_MOVE = YES;
				CLANG_WARN_UNGUARDED_AVAILABILITY = YES_AGGRESSIVE;
				CLANG_WARN_UNREACHABLE_CODE = YES;
				CLANG_WARN__DUPLICATE_METHOD_MATCH = YES;
				COPY_PHASE_STRIP = NO;
				DEBUG_INFORMATION_FORMAT = dwarf;
				ENABLE_STRICT_OBJC_MSGSEND = YES;
				ENABLE_TESTABILITY = YES;
				ENABLE_USER_SCRIPT_SANDBOXING = YES;
				GCC_C_LANGUAGE_STANDARD = gnu17;
				GCC_DYNAMIC_NO_PIC = NO;
				GCC_NO_COMMON_BLOCKS = YES;
				GCC_OPTIMIZATION_LEVEL = 0;
				GCC_PREPROCESSOR_DEFINITIONS = (
					"DEBUG=1",
					"$(inherited)",
				);
				GCC_WARN_64_TO_32_BIT_CONVERSION = YES;
				GCC_WARN_ABOUT_RETURN_TYPE = YES_ERROR;
				GCC_WARN_UNDECLARED_SELECTOR = YES;
				GCC_WARN_UNINITIALIZED_AUTOS = YES_AGGRESSIVE;
				GCC_WARN_UNUSED_FUNCTION = YES;
				GCC_WARN_UNUSED_VARIABLE = YES;
				LOCALIZATION_PREFERS_STRING_CATALOGS = YES;
				MTL_ENABLE_DEBUG_INFO = INCLUDE_SOURCE;
				MTL_FAST_MATH = YES;
				ONLY_ACTIVE_ARCH = YES;
				SWIFT_ACTIVE_COMPILATION_CONDITIONS = "DEBUG $(inherited)";
				SWIFT_OPTIMIZATION_LEVEL = "-Onone";
			};
			name = Debug;
		};
		704798A62C08C19700A89DBC /* Release */ = {
			isa = XCBuildConfiguration;
			buildSettings = {
				ALWAYS_SEARCH_USER_PATHS = NO;
				ASSETCATALOG_COMPILER_GENERATE_SWIFT_ASSET_SYMBOL_EXTENSIONS = YES;
				CLANG_ANALYZER_NONNULL = YES;
				CLANG_ANALYZER_NUMBER_OBJECT_CONVERSION = YES_AGGRESSIVE;
				CLANG_CXX_LANGUAGE_STANDARD = "gnu++20";
				CLANG_ENABLE_MODULES = YES;
				CLANG_ENABLE_OBJC_ARC = YES;
				CLANG_ENABLE_OBJC_WEAK = YES;
				CLANG_WARN_BLOCK_CAPTURE_AUTORELEASING = YES;
				CLANG_WARN_BOOL_CONVERSION = YES;
				CLANG_WARN_COMMA = YES;
				CLANG_WARN_CONSTANT_CONVERSION = YES;
				CLANG_WARN_DEPRECATED_OBJC_IMPLEMENTATIONS = YES;
				CLANG_WARN_DIRECT_OBJC_ISA_USAGE = YES_ERROR;
				CLANG_WARN_DOCUMENTATION_COMMENTS = YES;
				CLANG_WARN_EMPTY_BODY = YES;
				CLANG_WARN_ENUM_CONVERSION = YES;
				CLANG_WARN_INFINITE_RECURSION = YES;
				CLANG_WARN_INT_CONVERSION = YES;
				CLANG_WARN_NON_LITERAL_NULL_CONVERSION = YES;
				CLANG_WARN_OBJC_IMPLICIT_RETAIN_SELF = YES;
				CLANG_WARN_OBJC_LITERAL_CONVERSION = YES;
				CLANG_WARN_OBJC_ROOT_CLASS = YES_ERROR;
				CLANG_WARN_QUOTED_INCLUDE_IN_FRAMEWORK_HEADER = YES;
				CLANG_WARN_RANGE_LOOP_ANALYSIS = YES;
				CLANG_WARN_STRICT_PROTOTYPES = YES;
				CLANG_WARN_SUSPICIOUS_MOVE = YES;
				CLANG_WARN_UNGUARDED_AVAILABILITY = YES_AGGRESSIVE;
				CLANG_WARN_UNREACHABLE_CODE = YES;
				CLANG_WARN__DUPLICATE_METHOD_MATCH = YES;
				COPY_PHASE_STRIP = NO;
				DEBUG_INFORMATION_FORMAT = "dwarf-with-dsym";
				ENABLE_NS_ASSERTIONS = NO;
				ENABLE_STRICT_OBJC_MSGSEND = YES;
				ENABLE_USER_SCRIPT_SANDBOXING = YES;
				GCC_C_LANGUAGE_STANDARD = gnu17;
				GCC_NO_COMMON_BLOCKS = YES;
				GCC_WARN_64_TO_32_BIT_CONVERSION = YES;
				GCC_WARN_ABOUT_RETURN_TYPE = YES_ERROR;
				GCC_WARN_UNDECLARED_SELECTOR = YES;
				GCC_WARN_UNINITIALIZED_AUTOS = YES_AGGRESSIVE;
				GCC_WARN_UNUSED_FUNCTION = YES;
				GCC_WARN_UNUSED_VARIABLE = YES;
				LOCALIZATION_PREFERS_STRING_CATALOGS = YES;
				MTL_ENABLE_DEBUG_INFO = NO;
				MTL_FAST_MATH = YES;
				SWIFT_COMPILATION_MODE = wholemodule;
			};
			name = Release;
		};
		704798A82C08C19700A89DBC /* Debug */ = {
			isa = XCBuildConfiguration;
			buildSettings = {
				ASSETCATALOG_COMPILER_APPICON_NAME = AppIcon;
				ASSETCATALOG_COMPILER_GLOBAL_ACCENT_COLOR_NAME = AccentColor;
				CODE_SIGN_ENTITLEMENTS = OfllineApp/OfllineApp.entitlements;
				CODE_SIGN_STYLE = Automatic;
				CURRENT_PROJECT_VERSION = 1;
				DEVELOPMENT_ASSET_PATHS = "\"OfllineApp/Preview Content\"";
				DEVELOPMENT_TEAM = YDS549XWRN;
				ENABLE_HARDENED_RUNTIME = YES;
				ENABLE_PREVIEWS = YES;
				GENERATE_INFOPLIST_FILE = YES;
				"INFOPLIST_KEY_UIApplicationSceneManifest_Generation[sdk=iphoneos*]" = YES;
				"INFOPLIST_KEY_UIApplicationSceneManifest_Generation[sdk=iphonesimulator*]" = YES;
				"INFOPLIST_KEY_UIApplicationSupportsIndirectInputEvents[sdk=iphoneos*]" = YES;
				"INFOPLIST_KEY_UIApplicationSupportsIndirectInputEvents[sdk=iphonesimulator*]" = YES;
				"INFOPLIST_KEY_UILaunchScreen_Generation[sdk=iphoneos*]" = YES;
				"INFOPLIST_KEY_UILaunchScreen_Generation[sdk=iphonesimulator*]" = YES;
				"INFOPLIST_KEY_UIStatusBarStyle[sdk=iphoneos*]" = UIStatusBarStyleDefault;
				"INFOPLIST_KEY_UIStatusBarStyle[sdk=iphonesimulator*]" = UIStatusBarStyleDefault;
				INFOPLIST_KEY_UISupportedInterfaceOrientations_iPad = "UIInterfaceOrientationPortrait UIInterfaceOrientationPortraitUpsideDown UIInterfaceOrientationLandscapeLeft UIInterfaceOrientationLandscapeRight";
				INFOPLIST_KEY_UISupportedInterfaceOrientations_iPhone = "UIInterfaceOrientationPortrait UIInterfaceOrientationLandscapeLeft UIInterfaceOrientationLandscapeRight";
				IPHONEOS_DEPLOYMENT_TARGET = 17.2;
				LD_RUNPATH_SEARCH_PATHS = "@executable_path/Frameworks";
				"LD_RUNPATH_SEARCH_PATHS[sdk=macosx*]" = "@executable_path/../Frameworks";
				MACOSX_DEPLOYMENT_TARGET = 14.1;
				MARKETING_VERSION = 1.0;
				PRODUCT_BUNDLE_IDENTIFIER = com.OfllineApp;
				PRODUCT_NAME = "$(TARGET_NAME)";
				SDKROOT = auto;
				SUPPORTED_PLATFORMS = "iphoneos iphonesimulator macosx";
				SWIFT_EMIT_LOC_STRINGS = YES;
				SWIFT_VERSION = 5.0;
				TARGETED_DEVICE_FAMILY = "1,2";
			};
			name = Debug;
		};
		704798A92C08C19700A89DBC /* Release */ = {
			isa = XCBuildConfiguration;
			buildSettings = {
				ASSETCATALOG_COMPILER_APPICON_NAME = AppIcon;
				ASSETCATALOG_COMPILER_GLOBAL_ACCENT_COLOR_NAME = AccentColor;
				CODE_SIGN_ENTITLEMENTS = OfllineApp/OfllineApp.entitlements;
				CODE_SIGN_STYLE = Automatic;
				CURRENT_PROJECT_VERSION = 1;
				DEVELOPMENT_ASSET_PATHS = "\"OfllineApp/Preview Content\"";
				DEVELOPMENT_TEAM = YDS549XWRN;
				ENABLE_HARDENED_RUNTIME = YES;
				ENABLE_PREVIEWS = YES;
				GENERATE_INFOPLIST_FILE = YES;
				"INFOPLIST_KEY_UIApplicationSceneManifest_Generation[sdk=iphoneos*]" = YES;
				"INFOPLIST_KEY_UIApplicationSceneManifest_Generation[sdk=iphonesimulator*]" = YES;
				"INFOPLIST_KEY_UIApplicationSupportsIndirectInputEvents[sdk=iphoneos*]" = YES;
				"INFOPLIST_KEY_UIApplicationSupportsIndirectInputEvents[sdk=iphonesimulator*]" = YES;
				"INFOPLIST_KEY_UILaunchScreen_Generation[sdk=iphoneos*]" = YES;
				"INFOPLIST_KEY_UILaunchScreen_Generation[sdk=iphonesimulator*]" = YES;
				"INFOPLIST_KEY_UIStatusBarStyle[sdk=iphoneos*]" = UIStatusBarStyleDefault;
				"INFOPLIST_KEY_UIStatusBarStyle[sdk=iphonesimulator*]" = UIStatusBarStyleDefault;
				INFOPLIST_KEY_UISupportedInterfaceOrientations_iPad = "UIInterfaceOrientationPortrait UIInterfaceOrientationPortraitUpsideDown UIInterfaceOrientationLandscapeLeft UIInterfaceOrientationLandscapeRight";
				INFOPLIST_KEY_UISupportedInterfaceOrientations_iPhone = "UIInterfaceOrientationPortrait UIInterfaceOrientationLandscapeLeft UIInterfaceOrientationLandscapeRight";
				IPHONEOS_DEPLOYMENT_TARGET = 17.2;
				LD_RUNPATH_SEARCH_PATHS = "@executable_path/Frameworks";
				"LD_RUNPATH_SEARCH_PATHS[sdk=macosx*]" = "@executable_path/../Frameworks";
				MACOSX_DEPLOYMENT_TARGET = 14.1;
				MARKETING_VERSION = 1.0;
				PRODUCT_BUNDLE_IDENTIFIER = com.OfllineApp;
				PRODUCT_NAME = "$(TARGET_NAME)";
				SDKROOT = auto;
				SUPPORTED_PLATFORMS = "iphoneos iphonesimulator macosx";
				SWIFT_EMIT_LOC_STRINGS = YES;
				SWIFT_VERSION = 5.0;
				TARGETED_DEVICE_FAMILY = "1,2";
			};
			name = Release;
		};
/* End XCBuildConfiguration section */

/* Begin XCConfigurationList section */
		704798932C08C19600A89DBC /* Build configuration list for PBXProject "OfllineApp" */ = {
			isa = XCConfigurationList;
			buildConfigurations = (
				704798A52C08C19700A89DBC /* Debug */,
				704798A62C08C19700A89DBC /* Release */,
			);
			defaultConfigurationIsVisible = 0;
			defaultConfigurationName = Release;
		};
		704798A72C08C19700A89DBC /* Build configuration list for PBXNativeTarget "OfllineApp" */ = {
			isa = XCConfigurationList;
			buildConfigurations = (
				704798A82C08C19700A89DBC /* Debug */,
				704798A92C08C19700A89DBC /* Release */,
			);
			defaultConfigurationIsVisible = 0;
			defaultConfigurationName = Release;
		};
/* End XCConfigurationList section */

/* Begin XCRemoteSwiftPackageReference section */
		704798AA2C08C29300A89DBC /* XCRemoteSwiftPackageReference "SQLite.swift" */ = {
			isa = XCRemoteSwiftPackageReference;
			repositoryURL = "https://github.com/stephencelis/SQLite.swift.git";
			requirement = {
				kind = upToNextMajorVersion;
				minimumVersion = 0.15.3;
			};
		};
/* End XCRemoteSwiftPackageReference section */

/* Begin XCSwiftPackageProductDependency section */
		704798AB2C08C29300A89DBC /* SQLite */ = {
			isa = XCSwiftPackageProductDependency;
			package = 704798AA2C08C29300A89DBC /* XCRemoteSwiftPackageReference "SQLite.swift" */;
			productName = SQLite;
		};
/* End XCSwiftPackageProductDependency section */
	};
	rootObject = 704798902C08C19600A89DBC /* Project object */;
}
